// !$*UTF8*$!
{
	archiveVersion = 1;
	classes = {};
	objectVersion = 56;
	objects = {

/* Begin PBXBuildFile section */
		015D9695A5C04ACB97A2BD28 /* AuthManager.swift in Sources */ = {isa = PBXBuildFile; fileRef = 6A9A00F2FE714651BBB6AB6C /* AuthManager.swift */; };
		87BB966B969F47F2B2EE9AAA /* AuthenticationView.swift in Sources */ = {isa = PBXBuildFile; fileRef = 339F172463D54344A210F18E /* AuthenticationView.swift */; };
		EB607DA575144F718BE3F792 /* BackendServices.swift in Sources */ = {isa = PBXBuildFile; fileRef = 625ACB7155544EF38DEBABA0 /* BackendServices.swift */; };
		737241910D124692A00BDE4F /* CameraManager.swift in Sources */ = {isa = PBXBuildFile; fileRef = 9E645CDE5ACE49FAA7041497 /* CameraManager.swift */; };
		A5C10B3906BE46CF8367703B /* CameraSessionNotifications.swift in Sources */ = {isa = PBXBuildFile; fileRef = 7BE1A19786FA4A6F9A20798E /* CameraSessionNotifications.swift */; };
		49EB8A4BD19347CB83198CF7 /* CameraView.swift in Sources */ = {isa = PBXBuildFile; fileRef = 4AC40D8296494CD08CA3177A /* CameraView.swift */; };
		9DF6F43526F94A5CAAD5588F /* CandidateAggregator.swift in Sources */ = {isa = PBXBuildFile; fileRef = DF202AF422C9400796907E6F /* CandidateAggregator.swift */; };
		982E1C40489C4D57BAD96E20 /* CloudinaryService.swift in Sources */ = {isa = PBXBuildFile; fileRef = F2A453B2D4A64CE582E60B00 /* CloudinaryService.swift */; };
		F8B578BC5C4B4201B891C043 /* ContentView.swift in Sources */ = {isa = PBXBuildFile; fileRef = ED1140B537194B4A87294780 /* ContentView.swift */; };
		4C5FE0FBFFBA425792341217 /* DashboardView.swift in Sources */ = {isa = PBXBuildFile; fileRef = 7E6983DED3D142BABFE46382 /* DashboardView.swift */; };
		2B25EC2C44F241E8A6F4427A /* DesignSystem.swift in Sources */ = {isa = PBXBuildFile; fileRef = 74105D0C0E124D2F98437FDF /* DesignSystem.swift */; };
		7D72B0B642644D78AC13D406 /* Detection/AdaptiveThresholdPolicy.swift in Sources */ = {isa = PBXBuildFile; fileRef = 2BBAD022B3FF49CDBF2616F3 /* Detection/AdaptiveThresholdPolicy.swift */; };
		C83F31936484498CB9526013 /* Detection/CameraConditionAnalyzer.swift in Sources */ = {isa = PBXBuildFile; fileRef = 566EA2967D7843C18B57F101 /* Detection/CameraConditionAnalyzer.swift */; };
		09A41C757B5D42B8BC9E7E53 /* Detection/DetectionGate.swift in Sources */ = {isa = PBXBuildFile; fileRef = CAAC521A987D440F963DE193 /* Detection/DetectionGate.swift */; };
		50CF3E7C5006452283DA5334 /* Detection/DetectionPreferences.swift in Sources */ = {isa = PBXBuildFile; fileRef = 5F31E95EA08E4C9BA3368491 /* Detection/DetectionPreferences.swift */; };
		57E1985F91BB4C2CBAD58F35 /* Detection/MotionSignalProvider.swift in Sources */ = {isa = PBXBuildFile; fileRef = 1F69C8881E424C619153A0EA /* Detection/MotionSignalProvider.swift */; };
		1C3612D9D5714FB3A6F0C3DB /* Detection/RegionOfInterestManager.swift in Sources */ = {isa = PBXBuildFile; fileRef = C3CE1F746D0E445CA5972E74 /* Detection/RegionOfInterestManager.swift */; };
		8F04116F876E466585EC6CBE /* DetectionConfig.swift in Sources */ = {isa = PBXBuildFile; fileRef = 064DEAEAC89E421697A7A3EF /* DetectionConfig.swift */; };
		06F648CAF51048ADA93157AB /* DetectionReportPipeline.swift in Sources */ = {isa = PBXBuildFile; fileRef = 8DCE61ED9AE945A7BFF8A435 /* DetectionReportPipeline.swift */; };
		840EBABBD04242EAB26C9BE5 /* FrameQualityService.swift in Sources */ = {isa = PBXBuildFile; fileRef = 0372C54330874FE7899B4F86 /* FrameQualityService.swift */; };
		995337C3653E42D3A1C76CE7 /* GeocodingService.swift in Sources */ = {isa = PBXBuildFile; fileRef = 6C35D9A02D63422786480FC1 /* GeocodingService.swift */; };
		39ECEFE217254EB6BECBA5DF /* HazardDetectionApp.swift in Sources */ = {isa = PBXBuildFile; fileRef = 6F4EC706421A481786112EEB /* HazardDetectionApp.swift */; };
		374E0EA5780D4F60A9F5865F /* HazardScannerView.swift in Sources */ = {isa = PBXBuildFile; fileRef = FCA69CE456D64602842058DD /* HazardScannerView.swift */; };
		0E33E3F955254CC0804366D3 /* LiveAutoReportCoordinator.swift in Sources */ = {isa = PBXBuildFile; fileRef = 3B4762EAFEF64D528603A958 /* LiveAutoReportCoordinator.swift */; };
		15D12EE47B8C4EC0817B7DEB /* LiveDetectionView.swift in Sources */ = {isa = PBXBuildFile; fileRef = 53B840F8BDE54610BB902427 /* LiveDetectionView.swift */; };
		D063386BF56047AE9F35A8E2 /* LocationManager.swift in Sources */ = {isa = PBXBuildFile; fileRef = 539E0EB89C7644F1992E066F /* LocationManager.swift */; };
		2A234EBFC14D440E9A0FB6D1 /* MainTabView.swift in Sources */ = {isa = PBXBuildFile; fileRef = EF1429E668B644769FC35116 /* MainTabView.swift */; };
		5877049C33C8416AAABAEFFB /* Models.swift in Sources */ = {isa = PBXBuildFile; fileRef = 373E3804DF9B438E94863A26 /* Models.swift */; };
		21ECDA19584D4F93B399F478 /* MotionService.swift in Sources */ = {isa = PBXBuildFile; fileRef = 375277D6EDBC4F63AC270091 /* MotionService.swift */; };
		8EE25F1531C54A118905787B /* Networking/BackgroundUploadCoordinator.swift in Sources */ = {isa = PBXBuildFile; fileRef = 0763040D1257488A9E7F77AC /* Networking/BackgroundUploadCoordinator.swift */; };
		4F44B19A35564FB4BF759ED7 /* Networking/ReachabilityMonitor.swift in Sources */ = {isa = PBXBuildFile; fileRef = 11A760E72A064C4B905E87F1 /* Networking/ReachabilityMonitor.swift */; };
		AED2733C9C654F72BD7A98E0 /* Networking/RetryPolicy.swift in Sources */ = {isa = PBXBuildFile; fileRef = 694F6092A2494E14A065F080 /* Networking/RetryPolicy.swift */; };
		0AE302AE59E441A4B1699B6A /* Persistence/HazardModelContainer.swift in Sources */ = {isa = PBXBuildFile; fileRef = 6E0DC95A82E44F44A101CE89 /* Persistence/HazardModelContainer.swift */; };
		34CDC0F83F454FCEBE4AF097 /* Persistence/PendingReport.swift in Sources */ = {isa = PBXBuildFile; fileRef = 1C5A626CB181496F8ECCBBE1 /* Persistence/PendingReport.swift */; };
		DD8EE32E254B4A719F9644D9 /* PictureInPictureManager.swift in Sources */ = {isa = PBXBuildFile; fileRef = 53B493FB28D94A509A3C5977 /* PictureInPictureManager.swift */; };
		3477BFA20EB34E5E8079CC5E /* ReportDeduplicationService.swift in Sources */ = {isa = PBXBuildFile; fileRef = 66BB759451AB47F39E25411D /* ReportDeduplicationService.swift */; };
		93AC9BC77C3845ABA5FC4143 /* ReportDetailView.swift in Sources */ = {isa = PBXBuildFile; fileRef = A7A9A037485446FF8BB1C913 /* ReportDetailView.swift */; };
		129CE711F8C0461D8D751285 /* Reporting/ReportCreationService.swift in Sources */ = {isa = PBXBuildFile; fileRef = 76B0FA9F17AC4EDDB1740417 /* Reporting/ReportCreationService.swift */; };
		6BAF6085CE1442E6963D3572 /* Reporting/ReportDraft.swift in Sources */ = {isa = PBXBuildFile; fileRef = 02A6887C5A2747378B81AF1B /* Reporting/ReportDraft.swift */; };
		A36B13D096C94A22AA88410A /* Reporting/ReportImagePreparer.swift in Sources */ = {isa = PBXBuildFile; fileRef = 54675B6CC6B24B26A89D4EB8 /* Reporting/ReportImagePreparer.swift */; };
		EEF331EC69714FF487E3C9F0 /* Reporting/ReportPayloadBuilder.swift in Sources */ = {isa = PBXBuildFile; fileRef = 6F1D17B28A4C41FFB30F9740 /* Reporting/ReportPayloadBuilder.swift */; };
		34A71965E9BE4FBFB526F0BF /* Reporting/ReportValidationPolicy.swift in Sources */ = {isa = PBXBuildFile; fileRef = 68B5ADCBD68F4DC7B4EB10A1 /* Reporting/ReportValidationPolicy.swift */; };
		BA2D0C127E6B4EEF8A068E65 /* ReportsService.swift in Sources */ = {isa = PBXBuildFile; fileRef = A285C5AEA43B48BD8AAF589A /* ReportsService.swift */; };
		FE2E865CCCE64B8783D653E9 /* RoadAttentionService.swift in Sources */ = {isa = PBXBuildFile; fileRef = 9319392B681048FA954953DC /* RoadAttentionService.swift */; };
		BBC8E0021D9743F89014CA17 /* SettingsView.swift in Sources */ = {isa = PBXBuildFile; fileRef = C4B32C9D02BB41798A33D9C7 /* SettingsView.swift */; };
		068B8CF5A5E84CDEB95631D6 /* UIComponents.swift in Sources */ = {isa = PBXBuildFile; fileRef = FC069DC5D0A8433CAC8D2C75 /* UIComponents.swift */; };
		E326E480CC424ED08C347735 /* UploadReportView.swift in Sources */ = {isa = PBXBuildFile; fileRef = 6E86BA2C7096449E97A0D71D /* UploadReportView.swift */; };
		6638AFA415A34BD59DD4C948 /* Assets.xcassets in Resources */ = {isa = PBXBuildFile; fileRef = B2257D68C6704C5DB669964F /* Assets.xcassets */; };
		1F386C9A0DF54BC6AD741C8D /* GoogleService-Info.plist in Resources */ = {isa = PBXBuildFile; fileRef = 2AC3CCFE5DB9443C88901FE1 /* GoogleService-Info.plist */; };
		0BF068D0D43D41A4AD7CDB5F /* best.mlpackage in Resources */ = {isa = PBXBuildFile; fileRef = 73CE78E138B546709142C5FA /* best.mlpackage */; };
		799E76E443BF4586B6F32771 /* best.mlmodelc in Resources */ = {isa = PBXBuildFile; fileRef = 86048112D551468F88D7EE01 /* best.mlmodelc */; };
		478BC55A42754D39A7111317 /* dashboard_map.png in Resources */ = {isa = PBXBuildFile; fileRef = EAB381601A194E208AFFA17B /* dashboard_map.png */; };
		9B96DF7036154B589EFA9E1A /* report_table.png in Resources */ = {isa = PBXBuildFile; fileRef = 5A0AA478C13043F599D12A40 /* report_table.png */; };
		D01F54FE284446278907295E /* static_detection.png in Resources */ = {isa = PBXBuildFile; fileRef = 202D8485414F473CBCBB9750 /* static_detection.png */; };
		37E240AF5F6246D5AD03DEFF /* FirebaseCore in Frameworks */ = {isa = PBXBuildFile; productRef = FA974F80A01F40F9A18F2B21 /* FirebaseCore */; };
		EEC1B6ED568E4F27BB309293 /* FirebaseAuth in Frameworks */ = {isa = PBXBuildFile; productRef = 2766E512A2B44C0E9EDD552B /* FirebaseAuth */; };
		BA4AD9B0BE0640518D0C9D41 /* FirebaseFirestore in Frameworks */ = {isa = PBXBuildFile; productRef = 89DB37FC28794598A9C62ECA /* FirebaseFirestore */; };
/* End PBXBuildFile section */

/* Begin PBXFileReference section */
		A064397B4E764654B894B5EA /* HazardDetection.app */ = {isa = PBXFileReference; explicitFileType = wrapper.application; includeInIndex = 0; path = HazardDetection.app; sourceTree = BUILT_PRODUCTS_DIR; };
		6A9A00F2FE714651BBB6AB6C /* AuthManager.swift */ = {isa = PBXFileReference; lastKnownFileType = sourcecode.swift; path = "AuthManager.swift"; sourceTree = "<group>"; };
		339F172463D54344A210F18E /* AuthenticationView.swift */ = {isa = PBXFileReference; lastKnownFileType = sourcecode.swift; path = "AuthenticationView.swift"; sourceTree = "<group>"; };
		625ACB7155544EF38DEBABA0 /* BackendServices.swift */ = {isa = PBXFileReference; lastKnownFileType = sourcecode.swift; path = "BackendServices.swift"; sourceTree = "<group>"; };
		9E645CDE5ACE49FAA7041497 /* CameraManager.swift */ = {isa = PBXFileReference; lastKnownFileType = sourcecode.swift; path = "CameraManager.swift"; sourceTree = "<group>"; };
		7BE1A19786FA4A6F9A20798E /* CameraSessionNotifications.swift */ = {isa = PBXFileReference; lastKnownFileType = sourcecode.swift; path = "CameraSessionNotifications.swift"; sourceTree = "<group>"; };
		4AC40D8296494CD08CA3177A /* CameraView.swift */ = {isa = PBXFileReference; lastKnownFileType = sourcecode.swift; path = "CameraView.swift"; sourceTree = "<group>"; };
		DF202AF422C9400796907E6F /* CandidateAggregator.swift */ = {isa = PBXFileReference; lastKnownFileType = sourcecode.swift; path = "CandidateAggregator.swift"; sourceTree = "<group>"; };
		F2A453B2D4A64CE582E60B00 /* CloudinaryService.swift */ = {isa = PBXFileReference; lastKnownFileType = sourcecode.swift; path = "CloudinaryService.swift"; sourceTree = "<group>"; };
		ED1140B537194B4A87294780 /* ContentView.swift */ = {isa = PBXFileReference; lastKnownFileType = sourcecode.swift; path = "ContentView.swift"; sourceTree = "<group>"; };
		7E6983DED3D142BABFE46382 /* DashboardView.swift */ = {isa = PBXFileReference; lastKnownFileType = sourcecode.swift; path = "DashboardView.swift"; sourceTree = "<group>"; };
		74105D0C0E124D2F98437FDF /* DesignSystem.swift */ = {isa = PBXFileReference; lastKnownFileType = sourcecode.swift; path = "DesignSystem.swift"; sourceTree = "<group>"; };
		2BBAD022B3FF49CDBF2616F3 /* Detection/AdaptiveThresholdPolicy.swift */ = {isa = PBXFileReference; lastKnownFileType = sourcecode.swift; path = "Detection/AdaptiveThresholdPolicy.swift"; sourceTree = "<group>"; };
		566EA2967D7843C18B57F101 /* Detection/CameraConditionAnalyzer.swift */ = {isa = PBXFileReference; lastKnownFileType = sourcecode.swift; path = "Detection/CameraConditionAnalyzer.swift"; sourceTree = "<group>"; };
		CAAC521A987D440F963DE193 /* Detection/DetectionGate.swift */ = {isa = PBXFileReference; lastKnownFileType = sourcecode.swift; path = "Detection/DetectionGate.swift"; sourceTree = "<group>"; };
		5F31E95EA08E4C9BA3368491 /* Detection/DetectionPreferences.swift */ = {isa = PBXFileReference; lastKnownFileType = sourcecode.swift; path = "Detection/DetectionPreferences.swift"; sourceTree = "<group>"; };
		1F69C8881E424C619153A0EA /* Detection/MotionSignalProvider.swift */ = {isa = PBXFileReference; lastKnownFileType = sourcecode.swift; path = "Detection/MotionSignalProvider.swift"; sourceTree = "<group>"; };
		C3CE1F746D0E445CA5972E74 /* Detection/RegionOfInterestManager.swift */ = {isa = PBXFileReference; lastKnownFileType = sourcecode.swift; path = "Detection/RegionOfInterestManager.swift"; sourceTree = "<group>"; };
		064DEAEAC89E421697A7A3EF /* DetectionConfig.swift */ = {isa = PBXFileReference; lastKnownFileType = sourcecode.swift; path = "DetectionConfig.swift"; sourceTree = "<group>"; };
		8DCE61ED9AE945A7BFF8A435 /* DetectionReportPipeline.swift */ = {isa = PBXFileReference; lastKnownFileType = sourcecode.swift; path = "DetectionReportPipeline.swift"; sourceTree = "<group>"; };
		0372C54330874FE7899B4F86 /* FrameQualityService.swift */ = {isa = PBXFileReference; lastKnownFileType = sourcecode.swift; path = "FrameQualityService.swift"; sourceTree = "<group>"; };
		6C35D9A02D63422786480FC1 /* GeocodingService.swift */ = {isa = PBXFileReference; lastKnownFileType = sourcecode.swift; path = "GeocodingService.swift"; sourceTree = "<group>"; };
		6F4EC706421A481786112EEB /* HazardDetectionApp.swift */ = {isa = PBXFileReference; lastKnownFileType = sourcecode.swift; path = "HazardDetectionApp.swift"; sourceTree = "<group>"; };
		FCA69CE456D64602842058DD /* HazardScannerView.swift */ = {isa = PBXFileReference; lastKnownFileType = sourcecode.swift; path = "HazardScannerView.swift"; sourceTree = "<group>"; };
		3B4762EAFEF64D528603A958 /* LiveAutoReportCoordinator.swift */ = {isa = PBXFileReference; lastKnownFileType = sourcecode.swift; path = "LiveAutoReportCoordinator.swift"; sourceTree = "<group>"; };
		53B840F8BDE54610BB902427 /* LiveDetectionView.swift */ = {isa = PBXFileReference; lastKnownFileType = sourcecode.swift; path = "LiveDetectionView.swift"; sourceTree = "<group>"; };
		539E0EB89C7644F1992E066F /* LocationManager.swift */ = {isa = PBXFileReference; lastKnownFileType = sourcecode.swift; path = "LocationManager.swift"; sourceTree = "<group>"; };
		EF1429E668B644769FC35116 /* MainTabView.swift */ = {isa = PBXFileReference; lastKnownFileType = sourcecode.swift; path = "MainTabView.swift"; sourceTree = "<group>"; };
		373E3804DF9B438E94863A26 /* Models.swift */ = {isa = PBXFileReference; lastKnownFileType = sourcecode.swift; path = "Models.swift"; sourceTree = "<group>"; };
		375277D6EDBC4F63AC270091 /* MotionService.swift */ = {isa = PBXFileReference; lastKnownFileType = sourcecode.swift; path = "MotionService.swift"; sourceTree = "<group>"; };
		0763040D1257488A9E7F77AC /* Networking/BackgroundUploadCoordinator.swift */ = {isa = PBXFileReference; lastKnownFileType = sourcecode.swift; path = "Networking/BackgroundUploadCoordinator.swift"; sourceTree = "<group>"; };
		11A760E72A064C4B905E87F1 /* Networking/ReachabilityMonitor.swift */ = {isa = PBXFileReference; lastKnownFileType = sourcecode.swift; path = "Networking/ReachabilityMonitor.swift"; sourceTree = "<group>"; };
		694F6092A2494E14A065F080 /* Networking/RetryPolicy.swift */ = {isa = PBXFileReference; lastKnownFileType = sourcecode.swift; path = "Networking/RetryPolicy.swift"; sourceTree = "<group>"; };
		6E0DC95A82E44F44A101CE89 /* Persistence/HazardModelContainer.swift */ = {isa = PBXFileReference; lastKnownFileType = sourcecode.swift; path = "Persistence/HazardModelContainer.swift"; sourceTree = "<group>"; };
		1C5A626CB181496F8ECCBBE1 /* Persistence/PendingReport.swift */ = {isa = PBXFileReference; lastKnownFileType = sourcecode.swift; path = "Persistence/PendingReport.swift"; sourceTree = "<group>"; };
		53B493FB28D94A509A3C5977 /* PictureInPictureManager.swift */ = {isa = PBXFileReference; lastKnownFileType = sourcecode.swift; path = "PictureInPictureManager.swift"; sourceTree = "<group>"; };
		66BB759451AB47F39E25411D /* ReportDeduplicationService.swift */ = {isa = PBXFileReference; lastKnownFileType = sourcecode.swift; path = "ReportDeduplicationService.swift"; sourceTree = "<group>"; };
		A7A9A037485446FF8BB1C913 /* ReportDetailView.swift */ = {isa = PBXFileReference; lastKnownFileType = sourcecode.swift; path = "ReportDetailView.swift"; sourceTree = "<group>"; };
		76B0FA9F17AC4EDDB1740417 /* Reporting/ReportCreationService.swift */ = {isa = PBXFileReference; lastKnownFileType = sourcecode.swift; path = "Reporting/ReportCreationService.swift"; sourceTree = "<group>"; };
		02A6887C5A2747378B81AF1B /* Reporting/ReportDraft.swift */ = {isa = PBXFileReference; lastKnownFileType = sourcecode.swift; path = "Reporting/ReportDraft.swift"; sourceTree = "<group>"; };
		54675B6CC6B24B26A89D4EB8 /* Reporting/ReportImagePreparer.swift */ = {isa = PBXFileReference; lastKnownFileType = sourcecode.swift; path = "Reporting/ReportImagePreparer.swift"; sourceTree = "<group>"; };
		6F1D17B28A4C41FFB30F9740 /* Reporting/ReportPayloadBuilder.swift */ = {isa = PBXFileReference; lastKnownFileType = sourcecode.swift; path = "Reporting/ReportPayloadBuilder.swift"; sourceTree = "<group>"; };
		68B5ADCBD68F4DC7B4EB10A1 /* Reporting/ReportValidationPolicy.swift */ = {isa = PBXFileReference; lastKnownFileType = sourcecode.swift; path = "Reporting/ReportValidationPolicy.swift"; sourceTree = "<group>"; };
		A285C5AEA43B48BD8AAF589A /* ReportsService.swift */ = {isa = PBXFileReference; lastKnownFileType = sourcecode.swift; path = "ReportsService.swift"; sourceTree = "<group>"; };
		9319392B681048FA954953DC /* RoadAttentionService.swift */ = {isa = PBXFileReference; lastKnownFileType = sourcecode.swift; path = "RoadAttentionService.swift"; sourceTree = "<group>"; };
		C4B32C9D02BB41798A33D9C7 /* SettingsView.swift */ = {isa = PBXFileReference; lastKnownFileType = sourcecode.swift; path = "SettingsView.swift"; sourceTree = "<group>"; };
		FC069DC5D0A8433CAC8D2C75 /* UIComponents.swift */ = {isa = PBXFileReference; lastKnownFileType = sourcecode.swift; path = "UIComponents.swift"; sourceTree = "<group>"; };
		6E86BA2C7096449E97A0D71D /* UploadReportView.swift */ = {isa = PBXFileReference; lastKnownFileType = sourcecode.swift; path = "UploadReportView.swift"; sourceTree = "<group>"; };
		B2257D68C6704C5DB669964F /* Assets.xcassets */ = {isa = PBXFileReference; lastKnownFileType = folder.assetcatalog; path = "Assets.xcassets"; sourceTree = "<group>"; };
		2AC3CCFE5DB9443C88901FE1 /* GoogleService-Info.plist */ = {isa = PBXFileReference; lastKnownFileType = text.plist.xml; path = "GoogleService-Info.plist"; sourceTree = "<group>"; };
		73CE78E138B546709142C5FA /* best.mlpackage */ = {isa = PBXFileReference; lastKnownFileType = wrapper.mlpackage; path = "best.mlpackage"; sourceTree = "<group>"; };
		86048112D551468F88D7EE01 /* best.mlmodelc */ = {isa = PBXFileReference; lastKnownFileType = wrapper.pbobjc; path = "best.mlmodelc"; sourceTree = "<group>"; };
		EAB381601A194E208AFFA17B /* dashboard_map.png */ = {isa = PBXFileReference; lastKnownFileType = image.png; path = "dashboard_map.png"; sourceTree = "<group>"; };
		5A0AA478C13043F599D12A40 /* report_table.png */ = {isa = PBXFileReference; lastKnownFileType = image.png; path = "report_table.png"; sourceTree = "<group>"; };
		202D8485414F473CBCBB9750 /* static_detection.png */ = {isa = PBXFileReference; lastKnownFileType = image.png; path = "static_detection.png"; sourceTree = "<group>"; };
/* End PBXFileReference section */

/* Begin PBXFrameworksBuildPhase section */
		2F463340DAA84712A957442D /* Frameworks */ = {
			isa = PBXFrameworksBuildPhase;
			buildActionMask = 2147483647;
			files = (
				37E240AF5F6246D5AD03DEFF /* FirebaseCore in Frameworks */,
				EEC1B6ED568E4F27BB309293 /* FirebaseAuth in Frameworks */,
				BA4AD9B0BE0640518D0C9D41 /* FirebaseFirestore in Frameworks */,
			);
			runOnlyForDeploymentPostprocessing = 0;
		};
/* End PBXFrameworksBuildPhase section */

/* Begin PBXGroup section */
		05F6002CF3BD4B9F8A680EDD = {
			isa = PBXGroup;
			children = (
				AEC23CC895F24656B37D1920 /* HazardDetection */,
				D7A37CE94AFB45BD84095EE1 /* Products */,
			);
			sourceTree = "<group>";
		};
		D7A37CE94AFB45BD84095EE1 /* Products */ = {
			isa = PBXGroup;
			children = (
				A064397B4E764654B894B5EA /* HazardDetection.app */,
			);
			name = Products;
			sourceTree = "<group>";
		};
		AEC23CC895F24656B37D1920 /* HazardDetection */ = {
			isa = PBXGroup;
			children = (
				6A9A00F2FE714651BBB6AB6C /* AuthManager.swift */,
				339F172463D54344A210F18E /* AuthenticationView.swift */,
				625ACB7155544EF38DEBABA0 /* BackendServices.swift */,
				9E645CDE5ACE49FAA7041497 /* CameraManager.swift */,
				7BE1A19786FA4A6F9A20798E /* CameraSessionNotifications.swift */,
				4AC40D8296494CD08CA3177A /* CameraView.swift */,
				DF202AF422C9400796907E6F /* CandidateAggregator.swift */,
				F2A453B2D4A64CE582E60B00 /* CloudinaryService.swift */,
				ED1140B537194B4A87294780 /* ContentView.swift */,
				7E6983DED3D142BABFE46382 /* DashboardView.swift */,
				74105D0C0E124D2F98437FDF /* DesignSystem.swift */,
				2BBAD022B3FF49CDBF2616F3 /* Detection/AdaptiveThresholdPolicy.swift */,
				566EA2967D7843C18B57F101 /* Detection/CameraConditionAnalyzer.swift */,
				CAAC521A987D440F963DE193 /* Detection/DetectionGate.swift */,
				5F31E95EA08E4C9BA3368491 /* Detection/DetectionPreferences.swift */,
				1F69C8881E424C619153A0EA /* Detection/MotionSignalProvider.swift */,
				C3CE1F746D0E445CA5972E74 /* Detection/RegionOfInterestManager.swift */,
				064DEAEAC89E421697A7A3EF /* DetectionConfig.swift */,
				8DCE61ED9AE945A7BFF8A435 /* DetectionReportPipeline.swift */,
				0372C54330874FE7899B4F86 /* FrameQualityService.swift */,
				6C35D9A02D63422786480FC1 /* GeocodingService.swift */,
				6F4EC706421A481786112EEB /* HazardDetectionApp.swift */,
				FCA69CE456D64602842058DD /* HazardScannerView.swift */,
				3B4762EAFEF64D528603A958 /* LiveAutoReportCoordinator.swift */,
				53B840F8BDE54610BB902427 /* LiveDetectionView.swift */,
				539E0EB89C7644F1992E066F /* LocationManager.swift */,
				EF1429E668B644769FC35116 /* MainTabView.swift */,
				373E3804DF9B438E94863A26 /* Models.swift */,
				375277D6EDBC4F63AC270091 /* MotionService.swift */,
				0763040D1257488A9E7F77AC /* Networking/BackgroundUploadCoordinator.swift */,
				11A760E72A064C4B905E87F1 /* Networking/ReachabilityMonitor.swift */,
				694F6092A2494E14A065F080 /* Networking/RetryPolicy.swift */,
				6E0DC95A82E44F44A101CE89 /* Persistence/HazardModelContainer.swift */,
				1C5A626CB181496F8ECCBBE1 /* Persistence/PendingReport.swift */,
				53B493FB28D94A509A3C5977 /* PictureInPictureManager.swift */,
				66BB759451AB47F39E25411D /* ReportDeduplicationService.swift */,
				A7A9A037485446FF8BB1C913 /* ReportDetailView.swift */,
				76B0FA9F17AC4EDDB1740417 /* Reporting/ReportCreationService.swift */,
				02A6887C5A2747378B81AF1B /* Reporting/ReportDraft.swift */,
				54675B6CC6B24B26A89D4EB8 /* Reporting/ReportImagePreparer.swift */,
				6F1D17B28A4C41FFB30F9740 /* Reporting/ReportPayloadBuilder.swift */,
				68B5ADCBD68F4DC7B4EB10A1 /* Reporting/ReportValidationPolicy.swift */,
				A285C5AEA43B48BD8AAF589A /* ReportsService.swift */,
				9319392B681048FA954953DC /* RoadAttentionService.swift */,
				C4B32C9D02BB41798A33D9C7 /* SettingsView.swift */,
				FC069DC5D0A8433CAC8D2C75 /* UIComponents.swift */,
				6E86BA2C7096449E97A0D71D /* UploadReportView.swift */,
				B2257D68C6704C5DB669964F /* Assets.xcassets */,
				2AC3CCFE5DB9443C88901FE1 /* GoogleService-Info.plist */,
				73CE78E138B546709142C5FA /* best.mlpackage */,
				86048112D551468F88D7EE01 /* best.mlmodelc */,
				EAB381601A194E208AFFA17B /* dashboard_map.png */,
				5A0AA478C13043F599D12A40 /* report_table.png */,
				202D8485414F473CBCBB9750 /* static_detection.png */,
			);
			path = HazardDetection;
			sourceTree = "<group>";
		};
/* End PBXGroup section */

/* Begin PBXNativeTarget section */
		9D391571EC88450BA6286B1D /* HazardDetection */ = {
			isa = PBXNativeTarget;
			buildConfigurationList = 92010956BDB440A2A463970C /* Build configuration list for PBXNativeTarget "HazardDetection" */;
			buildPhases = (
				2C2F6BBBA062425D9CE0E597 /* Sources */,
				2F463340DAA84712A957442D /* Frameworks */,
				8FE5A1AC5F724608B59A809A /* Resources */,
			);
			buildRules = ();
			dependencies = ();
			name = HazardDetection;
			packageProductDependencies = (
				FA974F80A01F40F9A18F2B21 /* FirebaseCore */,
				2766E512A2B44C0E9EDD552B /* FirebaseAuth */,
				89DB37FC28794598A9C62ECA /* FirebaseFirestore */,
			);
			productName = HazardDetection;
			productReference = A064397B4E764654B894B5EA /* HazardDetection.app */;
			productType = "com.apple.product-type.application";
		};
/* End PBXNativeTarget section */

/* Begin PBXProject section */
		ADBA82B466F24CCD91D4F3A0 /* Project object */ = {
			isa = PBXProject;
			attributes = {
				BuildIndependentTargetsInParallel = 1;
				LastSwiftUpdateCheck = 1500;
				LastUpgradeCheck = 1500;
			};
			buildConfigurationList = 5421B92B047F4589AE9D3918 /* Build configuration list for PBXProject "HazardDetection" */;
			compatibilityVersion = "Xcode 14.0";
			developmentRegion = en;
			hasScannedForEncodings = 0;
			knownRegions = (en, Base);
			mainGroup = 05F6002CF3BD4B9F8A680EDD;
			packageReferences = (
				B04E217889F7453182D44271 /* XCRemoteSwiftPackageReference "firebase-ios-sdk" */,
			);
			productRefGroup = D7A37CE94AFB45BD84095EE1 /* Products */;
			projectDirPath = "";
			projectRoot = "";
			targets = (
				9D391571EC88450BA6286B1D /* HazardDetection */,
			);
		};
/* End PBXProject section */

/* Begin PBXResourcesBuildPhase section */
		8FE5A1AC5F724608B59A809A /* Resources */ = {
			isa = PBXResourcesBuildPhase;
			buildActionMask = 2147483647;
			files = (
				6638AFA415A34BD59DD4C948 /* Assets.xcassets in Resources */,
				1F386C9A0DF54BC6AD741C8D /* GoogleService-Info.plist in Resources */,
				0BF068D0D43D41A4AD7CDB5F /* best.mlpackage in Resources */,
				799E76E443BF4586B6F32771 /* best.mlmodelc in Resources */,
				478BC55A42754D39A7111317 /* dashboard_map.png in Resources */,
				9B96DF7036154B589EFA9E1A /* report_table.png in Resources */,
				D01F54FE284446278907295E /* static_detection.png in Resources */,
			);
			runOnlyForDeploymentPostprocessing = 0;
		};
/* End PBXResourcesBuildPhase section */

/* Begin PBXSourcesBuildPhase section */
		2C2F6BBBA062425D9CE0E597 /* Sources */ = {
			isa = PBXSourcesBuildPhase;
			buildActionMask = 2147483647;
			files = (
				015D9695A5C04ACB97A2BD28 /* AuthManager.swift in Sources */,
				87BB966B969F47F2B2EE9AAA /* AuthenticationView.swift in Sources */,
				EB607DA575144F718BE3F792 /* BackendServices.swift in Sources */,
				737241910D124692A00BDE4F /* CameraManager.swift in Sources */,
				A5C10B3906BE46CF8367703B /* CameraSessionNotifications.swift in Sources */,
				49EB8A4BD19347CB83198CF7 /* CameraView.swift in Sources */,
				9DF6F43526F94A5CAAD5588F /* CandidateAggregator.swift in Sources */,
				982E1C40489C4D57BAD96E20 /* CloudinaryService.swift in Sources */,
				F8B578BC5C4B4201B891C043 /* ContentView.swift in Sources */,
				4C5FE0FBFFBA425792341217 /* DashboardView.swift in Sources */,
				2B25EC2C44F241E8A6F4427A /* DesignSystem.swift in Sources */,
				7D72B0B642644D78AC13D406 /* Detection/AdaptiveThresholdPolicy.swift in Sources */,
				C83F31936484498CB9526013 /* Detection/CameraConditionAnalyzer.swift in Sources */,
				09A41C757B5D42B8BC9E7E53 /* Detection/DetectionGate.swift in Sources */,
				50CF3E7C5006452283DA5334 /* Detection/DetectionPreferences.swift in Sources */,
				57E1985F91BB4C2CBAD58F35 /* Detection/MotionSignalProvider.swift in Sources */,
				1C3612D9D5714FB3A6F0C3DB /* Detection/RegionOfInterestManager.swift in Sources */,
				8F04116F876E466585EC6CBE /* DetectionConfig.swift in Sources */,
				06F648CAF51048ADA93157AB /* DetectionReportPipeline.swift in Sources */,
				840EBABBD04242EAB26C9BE5 /* FrameQualityService.swift in Sources */,
				995337C3653E42D3A1C76CE7 /* GeocodingService.swift in Sources */,
				39ECEFE217254EB6BECBA5DF /* HazardDetectionApp.swift in Sources */,
				374E0EA5780D4F60A9F5865F /* HazardScannerView.swift in Sources */,
				0E33E3F955254CC0804366D3 /* LiveAutoReportCoordinator.swift in Sources */,
				15D12EE47B8C4EC0817B7DEB /* LiveDetectionView.swift in Sources */,
				D063386BF56047AE9F35A8E2 /* LocationManager.swift in Sources */,
				2A234EBFC14D440E9A0FB6D1 /* MainTabView.swift in Sources */,
				5877049C33C8416AAABAEFFB /* Models.swift in Sources */,
				21ECDA19584D4F93B399F478 /* MotionService.swift in Sources */,
				8EE25F1531C54A118905787B /* Networking/BackgroundUploadCoordinator.swift in Sources */,
				4F44B19A35564FB4BF759ED7 /* Networking/ReachabilityMonitor.swift in Sources */,
				AED2733C9C654F72BD7A98E0 /* Networking/RetryPolicy.swift in Sources */,
				0AE302AE59E441A4B1699B6A /* Persistence/HazardModelContainer.swift in Sources */,
				34CDC0F83F454FCEBE4AF097 /* Persistence/PendingReport.swift in Sources */,
				DD8EE32E254B4A719F9644D9 /* PictureInPictureManager.swift in Sources */,
				3477BFA20EB34E5E8079CC5E /* ReportDeduplicationService.swift in Sources */,
				93AC9BC77C3845ABA5FC4143 /* ReportDetailView.swift in Sources */,
				129CE711F8C0461D8D751285 /* Reporting/ReportCreationService.swift in Sources */,
				6BAF6085CE1442E6963D3572 /* Reporting/ReportDraft.swift in Sources */,
				A36B13D096C94A22AA88410A /* Reporting/ReportImagePreparer.swift in Sources */,
				EEF331EC69714FF487E3C9F0 /* Reporting/ReportPayloadBuilder.swift in Sources */,
				34A71965E9BE4FBFB526F0BF /* Reporting/ReportValidationPolicy.swift in Sources */,
				BA2D0C127E6B4EEF8A068E65 /* ReportsService.swift in Sources */,
				FE2E865CCCE64B8783D653E9 /* RoadAttentionService.swift in Sources */,
				BBC8E0021D9743F89014CA17 /* SettingsView.swift in Sources */,
				068B8CF5A5E84CDEB95631D6 /* UIComponents.swift in Sources */,
				E326E480CC424ED08C347735 /* UploadReportView.swift in Sources */,
			);
			runOnlyForDeploymentPostprocessing = 0;
		};
/* End PBXSourcesBuildPhase section */

/* Begin XCRemoteSwiftPackageReference section */
		B04E217889F7453182D44271 /* XCRemoteSwiftPackageReference "firebase-ios-sdk" */ = {
			isa = XCRemoteSwiftPackageReference;
			repositoryURL = "https://github.com/firebase/firebase-ios-sdk";
			requirement = {
				kind = upToNextMajorVersion;
				minimumVersion = 12.12.1;
			};
		};
/* End XCRemoteSwiftPackageReference section */

/* Begin XCSwiftPackageProductDependency section */
		FA974F80A01F40F9A18F2B21 /* FirebaseCore */ = {isa = XCSwiftPackageProductDependency; package = B04E217889F7453182D44271 /* XCRemoteSwiftPackageReference "firebase-ios-sdk" */; productName = FirebaseCore; };
		2766E512A2B44C0E9EDD552B /* FirebaseAuth */ = {isa = XCSwiftPackageProductDependency; package = B04E217889F7453182D44271 /* XCRemoteSwiftPackageReference "firebase-ios-sdk" */; productName = FirebaseAuth; };
		89DB37FC28794598A9C62ECA /* FirebaseFirestore */ = {isa = XCSwiftPackageProductDependency; package = B04E217889F7453182D44271 /* XCRemoteSwiftPackageReference "firebase-ios-sdk" */; productName = FirebaseFirestore; };
/* End XCSwiftPackageProductDependency section */

/* Begin XCBuildConfiguration section */
		3F11EFD0D0B54543AFF2E0B5 /* Debug */ = {
			isa = XCBuildConfiguration;
			baseConfigurationReference = 8BBED19A2F9E296F007A7818 /* Config.xcconfig */;
			buildSettings = {
				ALWAYS_SEARCH_USER_PATHS = NO;
				ASSETCATALOG_COMPILER_APPICON_NAME = AppIcon;
				ASSET_CATALOG_COMPILER_OPTIMIZATION = space;
				ASSET_SYMBOL_GENERATION = NO;
				CLANG_ENABLE_MODULES = YES;
				CLANG_ENABLE_OBJC_ARC = YES;
				CODE_SIGN_STYLE = Automatic;
				DEVELOPMENT_TEAM = Z3XLCBKN9K;
				INFOPLIST_FILE = HazardDetection/Info.plist;
				INFOPLIST_KEY_CFBundleDisplayName = HazardDetection;
				IPHONEOS_DEPLOYMENT_TARGET = 17.0;
				PRODUCT_BUNDLE_IDENTIFIER = "com.hazarddetection.app-com.hazarddetection.app-";
				PRODUCT_NAME = "$(TARGET_NAME)";
				SUPPORTED_PLATFORMS = "iphoneos iphonesimulator";
				SUPPORTS_MACCATALYST = NO;
				SUPPORTS_MAC_DESIGNED_FOR_IPHONE_IPAD = NO;
				SUPPORTS_XR_DESIGNED_FOR_IPHONE_IPAD = NO;
				SWIFT_VERSION = 5.9;
				TARGETED_DEVICE_FAMILY = 1;
			};
			name = Debug;
		};
		F98E4A004E0749EBB33A9953 /* Release */ = {
			isa = XCBuildConfiguration;
			baseConfigurationReference = 8BBED19A2F9E296F007A7818 /* Config.xcconfig */;
			buildSettings = {
				ALWAYS_SEARCH_USER_PATHS = NO;
				ASSETCATALOG_COMPILER_APPICON_NAME = AppIcon;
				ASSET_CATALOG_COMPILER_OPTIMIZATION = space;
				ASSET_SYMBOL_GENERATION = NO;
				CLANG_ENABLE_MODULES = YES;
				CLANG_ENABLE_OBJC_ARC = YES;
				CODE_SIGN_STYLE = Automatic;
				DEVELOPMENT_TEAM = Z3XLCBKN9K;
				INFOPLIST_FILE = HazardDetection/Info.plist;
				INFOPLIST_KEY_CFBundleDisplayName = HazardDetection;
				IPHONEOS_DEPLOYMENT_TARGET = 17.0;
				PRODUCT_BUNDLE_IDENTIFIER = "com.hazarddetection.app-com.hazarddetection.app-";
				PRODUCT_NAME = "$(TARGET_NAME)";
				SUPPORTED_PLATFORMS = "iphoneos iphonesimulator";
				SUPPORTS_MACCATALYST = NO;
				SUPPORTS_MAC_DESIGNED_FOR_IPHONE_IPAD = NO;
				SUPPORTS_XR_DESIGNED_FOR_IPHONE_IPAD = NO;
				SWIFT_COMPILATION_MODE = wholemodule;
				SWIFT_VERSION = 5.9;
				TARGETED_DEVICE_FAMILY = 1;
				VALIDATE_PRODUCT = YES;
			};
			name = Release;
		};
		7E85B074CA7941A9808BFD3E /* Debug */ = {
			isa = XCBuildConfiguration;
			buildSettings = {
				ALWAYS_SEARCH_USER_PATHS = NO;
				IPHONEOS_DEPLOYMENT_TARGET = 17.0;
				SDKROOT = iphoneos;
			};
			name = Debug;
		};
		B4AABB289C0E4318BB3BBA9A /* Release */ = {
			isa = XCBuildConfiguration;
			buildSettings = {
				ALWAYS_SEARCH_USER_PATHS = NO;
				IPHONEOS_DEPLOYMENT_TARGET = 17.0;
				SDKROOT = iphoneos;
				VALIDATE_PRODUCT = YES;
			};
			name = Release;
		};
/* End XCBuildConfiguration section */

/* Begin XCConfigurationList section */
		5421B92B047F4589AE9D3918 /* Build configuration list for PBXProject "HazardDetection" */ = {
			isa = XCConfigurationList;
			buildConfigurations = (
				7E85B074CA7941A9808BFD3E /* Debug */,
				B4AABB289C0E4318BB3BBA9A /* Release */,
			);
			defaultConfigurationIsVisible = 0;
			defaultConfigurationName = Release;
		};
		92010956BDB440A2A463970C /* Build configuration list for PBXNativeTarget "HazardDetection" */ = {
			isa = XCConfigurationList;
			buildConfigurations = (
				3F11EFD0D0B54543AFF2E0B5 /* Debug */,
				F98E4A004E0749EBB33A9953 /* Release */,
			);
			defaultConfigurationIsVisible = 0;
			defaultConfigurationName = Release;
		};
/* End XCConfigurationList section */

	};
	rootObject = ADBA82B466F24CCD91D4F3A0 /* Project object */;
}
