// !$*UTF8*$!
{
	archiveVersion = 1;
	classes = {
	};
	objectVersion = 56;
	objects = {

/* Begin PBXBuildFile section */
		08F5B1A41FDA4520B8F07BA9 /* best.mlpackage in Resources */ = {isa = PBXBuildFile; fileRef = 3565E262E5374C97A22AA85C /* best.mlpackage */; };
		27BA7E68657B4AE3928961AA /* HomeView.swift in Sources */ = {isa = PBXBuildFile; fileRef = 76EA9DCEC0AC4D6896E7CC10 /* HomeView.swift */; };
		4D4245434B454E4453455256 /* BackendServices.swift in Sources */ = {isa = PBXBuildFile; fileRef = 4D5352434245434B454E4431 /* BackendServices.swift */; };
		89EFC7A7D03B4635B8BE1739 /* CameraView.swift in Sources */ = {isa = PBXBuildFile; fileRef = A91BECD25B4A4C49895647E6 /* CameraView.swift */; };
		8B5BB7C02F963B39001A779A /* Cloudinary in Frameworks */ = {isa = PBXBuildFile; productRef = 8B5BB7BF2F963B39001A779A /* Cloudinary */; };
		946B0EF3795E427E86236102 /* ContentView.swift in Sources */ = {isa = PBXBuildFile; fileRef = FC9CF6D369CA4738B565ABB4 /* ContentView.swift */; };
		A74820E6758B4B099D626FBB /* DesignSystem.swift in Sources */ = {isa = PBXBuildFile; fileRef = 2C6956DD4BC94965B892B63E /* DesignSystem.swift */; };
		BD59036784C547EDB51ED796 /* CameraManager.swift in Sources */ = {isa = PBXBuildFile; fileRef = A78C7C624075471FA31AE0A2 /* CameraManager.swift */; };
		D4866AAF2A2E4980992E419E /* static_detection.png in Resources */ = {isa = PBXBuildFile; fileRef = BAD4E70F90AE4A9EB71862AB /* static_detection.png */; };
		DCEE2A7027DE48DBAC1C6EBB /* HazardDetectionApp.swift in Sources */ = {isa = PBXBuildFile; fileRef = 377123429FF745AD8DB36867 /* HazardDetectionApp.swift */; };
		E5E3A525CA114B41ACCC2BA4 /* dashboard_map.png in Resources */ = {isa = PBXBuildFile; fileRef = 9ED3DAFD989E4A98951AAEC1 /* dashboard_map.png */; };
		F6D6F091F2604C518831136B /* LiveDetectionView.swift in Sources */ = {isa = PBXBuildFile; fileRef = 9D5F1A7989654C659EB0CB0C /* LiveDetectionView.swift */; };
		FB6C52A45F2E412DAF1C7E84 /* best.mlmodelc in Resources */ = {isa = PBXBuildFile; fileRef = 46EBA44C0065407D8EB69303 /* best.mlmodelc */; };
		FBFDCE4B45294258BDCDE336 /* report_table.png in Resources */ = {isa = PBXBuildFile; fileRef = D03AD3B2BE8E40E786DED35A /* report_table.png */; };
/* End PBXBuildFile section */

/* Begin PBXFileReference section */
		2C6956DD4BC94965B892B63E /* DesignSystem.swift */ = {isa = PBXFileReference; lastKnownFileType = sourcecode.swift; path = DesignSystem.swift; sourceTree = "<group>"; };
		3565E262E5374C97A22AA85C /* best.mlpackage */ = {isa = PBXFileReference; lastKnownFileType = wrapper.mlpackage; path = best.mlpackage; sourceTree = "<group>"; };
		377123429FF745AD8DB36867 /* HazardDetectionApp.swift */ = {isa = PBXFileReference; lastKnownFileType = sourcecode.swift; path = HazardDetectionApp.swift; sourceTree = "<group>"; };
		46EBA44C0065407D8EB69303 /* best.mlmodelc */ = {isa = PBXFileReference; lastKnownFileType = wrapper.pbobjc; path = best.mlmodelc; sourceTree = "<group>"; };
		4D5352434245434B454E4431 /* BackendServices.swift */ = {isa = PBXFileReference; lastKnownFileType = sourcecode.swift; path = BackendServices.swift; sourceTree = "<group>"; };
		76EA9DCEC0AC4D6896E7CC10 /* HomeView.swift */ = {isa = PBXFileReference; lastKnownFileType = sourcecode.swift; path = HomeView.swift; sourceTree = "<group>"; };
		9D5F1A7989654C659EB0CB0C /* LiveDetectionView.swift */ = {isa = PBXFileReference; lastKnownFileType = sourcecode.swift; path = LiveDetectionView.swift; sourceTree = "<group>"; };
		9ED3DAFD989E4A98951AAEC1 /* dashboard_map.png */ = {isa = PBXFileReference; lastKnownFileType = image.png; path = dashboard_map.png; sourceTree = "<group>"; };
		A78C7C624075471FA31AE0A2 /* CameraManager.swift */ = {isa = PBXFileReference; lastKnownFileType = sourcecode.swift; path = CameraManager.swift; sourceTree = "<group>"; };
		A91BECD25B4A4C49895647E6 /* CameraView.swift */ = {isa = PBXFileReference; lastKnownFileType = sourcecode.swift; path = CameraView.swift; sourceTree = "<group>"; };
		B755D6F224D84C91B31246D7 /* HazardDetection.app */ = {isa = PBXFileReference; explicitFileType = wrapper.application; includeInIndex = 0; path = HazardDetection.app; sourceTree = BUILT_PRODUCTS_DIR; };
		BAD4E70F90AE4A9EB71862AB /* static_detection.png */ = {isa = PBXFileReference; lastKnownFileType = image.png; path = static_detection.png; sourceTree = "<group>"; };
		D03AD3B2BE8E40E786DED35A /* report_table.png */ = {isa = PBXFileReference; lastKnownFileType = image.png; path = report_table.png; sourceTree = "<group>"; };
		FC9CF6D369CA4738B565ABB4 /* ContentView.swift */ = {isa = PBXFileReference; lastKnownFileType = sourcecode.swift; path = ContentView.swift; sourceTree = "<group>"; };
/* End PBXFileReference section */

/* Begin PBXFrameworksBuildPhase section */
		40B3A1214C484A1F86D5E34E /* Frameworks */ = {
			isa = PBXFrameworksBuildPhase;
			buildActionMask = 2147483647;
			files = (
				8B5BB7C02F963B39001A779A /* Cloudinary in Frameworks */,
			);
			runOnlyForDeploymentPostprocessing = 0;
		};
/* End PBXFrameworksBuildPhase section */

/* Begin PBXGroup section */
		BE7A840B8FEE4A3B802307A3 = {
			isa = PBXGroup;
			children = (
				D8EA60AEE48D415D97AF9E80 /* HazardDetection */,
				CC15B2D8B0F04EDB8839F186 /* Products */,
			);
			sourceTree = "<group>";
		};
		CC15B2D8B0F04EDB8839F186 /* Products */ = {
			isa = PBXGroup;
			children = (
				B755D6F224D84C91B31246D7 /* HazardDetection.app */,
			);
			name = Products;
			sourceTree = "<group>";
		};
		D8EA60AEE48D415D97AF9E80 /* HazardDetection */ = {
			isa = PBXGroup;
			children = (
				377123429FF745AD8DB36867 /* HazardDetectionApp.swift */,
				FC9CF6D369CA4738B565ABB4 /* ContentView.swift */,
				A78C7C624075471FA31AE0A2 /* CameraManager.swift */,
				A91BECD25B4A4C49895647E6 /* CameraView.swift */,
				2C6956DD4BC94965B892B63E /* DesignSystem.swift */,
				9D5F1A7989654C659EB0CB0C /* LiveDetectionView.swift */,
				76EA9DCEC0AC4D6896E7CC10 /* HomeView.swift */,
				4D5352434245434B454E4431 /* BackendServices.swift */,
				3565E262E5374C97A22AA85C /* best.mlpackage */,
				46EBA44C0065407D8EB69303 /* best.mlmodelc */,
				9ED3DAFD989E4A98951AAEC1 /* dashboard_map.png */,
				D03AD3B2BE8E40E786DED35A /* report_table.png */,
				BAD4E70F90AE4A9EB71862AB /* static_detection.png */,
			);
			path = HazardDetection;
			sourceTree = "<group>";
		};
/* End PBXGroup section */

/* Begin PBXNativeTarget section */
		EC94FACAE9B34A33AC717A3B /* HazardDetection */ = {
			isa = PBXNativeTarget;
			buildConfigurationList = 52AFF9761DA64ED4AD1FC6E0 /* Build configuration list for PBXNativeTarget "HazardDetection" */;
			buildPhases = (
				95170978856D44F2AA28BB5E /* Sources */,
				40B3A1214C484A1F86D5E34E /* Frameworks */,
				72558CC09C414A739F409631 /* Resources */,
			);
			buildRules = (
			);
			dependencies = (
			);
			name = HazardDetection;
			productName = HazardDetection;
			productReference = B755D6F224D84C91B31246D7 /* HazardDetection.app */;
			productType = "com.apple.product-type.application";
		};
/* End PBXNativeTarget section */

/* Begin PBXProject section */
		25CB31ECD0F7455EB50B8CC4 /* Project object */ = {
			isa = PBXProject;
			attributes = {
				BuildIndependentTargetsInParallel = 1;
				LastSwiftUpdateCheck = 1500;
				LastUpgradeCheck = 2640;
			};
			buildConfigurationList = 67E2BC6A635E4087A2F2BE8E /* Build configuration list for PBXProject "HazardDetection" */;
			compatibilityVersion = "Xcode 14.0";
			developmentRegion = en;
			hasScannedForEncodings = 0;
			knownRegions = (
				en,
				Base,
			);
			mainGroup = BE7A840B8FEE4A3B802307A3;
			packageReferences = (
				8B5BB7BD2F963AFD001A779A /* XCRemoteSwiftPackageReference "firebase-ios-sdk" */,
				8B5BB7BE2F963B39001A779A /* XCRemoteSwiftPackageReference "cloudinary_ios" */,
			);
			productRefGroup = CC15B2D8B0F04EDB8839F186 /* Products */;
			projectDirPath = "";
			projectRoot = "";
			targets = (
				EC94FACAE9B34A33AC717A3B /* HazardDetection */,
			);
		};
/* End PBXProject section */

/* Begin PBXResourcesBuildPhase section */
		72558CC09C414A739F409631 /* Resources */ = {
			isa = PBXResourcesBuildPhase;
			buildActionMask = 2147483647;
			files = (
				08F5B1A41FDA4520B8F07BA9 /* best.mlpackage in Resources */,
				FB6C52A45F2E412DAF1C7E84 /* best.mlmodelc in Resources */,
				E5E3A525CA114B41ACCC2BA4 /* dashboard_map.png in Resources */,
				FBFDCE4B45294258BDCDE336 /* report_table.png in Resources */,
				D4866AAF2A2E4980992E419E /* static_detection.png in Resources */,
			);
			runOnlyForDeploymentPostprocessing = 0;
		};
/* End PBXResourcesBuildPhase section */

/* Begin PBXSourcesBuildPhase section */
		95170978856D44F2AA28BB5E /* Sources */ = {
			isa = PBXSourcesBuildPhase;
			buildActionMask = 2147483647;
			files = (
				DCEE2A7027DE48DBAC1C6EBB /* HazardDetectionApp.swift in Sources */,
				946B0EF3795E427E86236102 /* ContentView.swift in Sources */,
				BD59036784C547EDB51ED796 /* CameraManager.swift in Sources */,
				89EFC7A7D03B4635B8BE1739 /* CameraView.swift in Sources */,
				A74820E6758B4B099D626FBB /* DesignSystem.swift in Sources */,
				F6D6F091F2604C518831136B /* LiveDetectionView.swift in Sources */,
				27BA7E68657B4AE3928961AA /* HomeView.swift in Sources */,
				4D4245434B454E4453455256 /* BackendServices.swift in Sources */,
			);
			runOnlyForDeploymentPostprocessing = 0;
		};
/* End PBXSourcesBuildPhase section */

/* Begin XCBuildConfiguration section */
		80EB088E7C8F4C79A5A3692C /* Release */ = {
			isa = XCBuildConfiguration;
			buildSettings = {
				ALWAYS_SEARCH_USER_PATHS = NO;
				ASSET_CATALOG_COMPILER_OPTIMIZATION = space;
				CLANG_ENABLE_MODULES = YES;
				CLANG_ENABLE_OBJC_ARC = YES;
				CODE_SIGN_IDENTITY = "Apple Development";
				CODE_SIGN_STYLE = Automatic;
				INFOPLIST_FILE = HazardDetection/Info.plist;
				INFOPLIST_KEY_CFBundleDisplayName = "Hazara-Detection";
				INFOPLIST_KEY_LSApplicationCategoryType = "public.app-category.education";
				IPHONEOS_DEPLOYMENT_TARGET = 17.0;
				PRODUCT_BUNDLE_IDENTIFIER = com.hazarddetection.app;
				PRODUCT_NAME = "$(TARGET_NAME)";
				PROVISIONING_PROFILE_SPECIFIER = "";
				SUPPORTED_PLATFORMS = "iphoneos iphonesimulator";
				SUPPORTS_MACCATALYST = NO;
				SUPPORTS_MAC_DESIGNED_FOR_IPHONE_IPAD = NO;
				SUPPORTS_XR_DESIGNED_FOR_IPHONE_IPAD = NO;
				SWIFT_VERSION = 5.9;
				TARGETED_DEVICE_FAMILY = "1,2";
			};
			name = Release;
		};
		8E894C4AA5414D2FB8CF6571 /* Debug */ = {
			isa = XCBuildConfiguration;
			buildSettings = {
				ALWAYS_SEARCH_USER_PATHS = NO;
				ASSET_CATALOG_COMPILER_OPTIMIZATION = space;
				CLANG_ENABLE_MODULES = YES;
				CLANG_ENABLE_OBJC_ARC = YES;
				CODE_SIGN_STYLE = Automatic;
				INFOPLIST_FILE = HazardDetection/Info.plist;
				INFOPLIST_KEY_CFBundleDisplayName = "Hazara-Detection";
				INFOPLIST_KEY_LSApplicationCategoryType = "public.app-category.education";
				IPHONEOS_DEPLOYMENT_TARGET = 17.0;
				PRODUCT_BUNDLE_IDENTIFIER = com.hazarddetection.app;
				PRODUCT_NAME = "$(TARGET_NAME)";
				SUPPORTED_PLATFORMS = "iphoneos iphonesimulator";
				SUPPORTS_MACCATALYST = NO;
				SUPPORTS_MAC_DESIGNED_FOR_IPHONE_IPAD = NO;
				SUPPORTS_XR_DESIGNED_FOR_IPHONE_IPAD = NO;
				SWIFT_VERSION = 5.9;
				TARGETED_DEVICE_FAMILY = "1,2";
			};
			name = Debug;
		};
		BE4CE15D87BC47C5AFB5A8EE /* Release */ = {
			isa = XCBuildConfiguration;
			buildSettings = {
				ALWAYS_SEARCH_USER_PATHS = NO;
				ASSETCATALOG_COMPILER_GENERATE_SWIFT_ASSET_SYMBOL_EXTENSIONS = YES;
				CLANG_WARN_BLOCK_CAPTURE_AUTORELEASING = YES;
				CLANG_WARN_BOOL_CONVERSION = YES;
				CLANG_WARN_COMMA = YES;
				CLANG_WARN_CONSTANT_CONVERSION = YES;
				CLANG_WARN_DEPRECATED_OBJC_IMPLEMENTATIONS = YES;
				CLANG_WARN_EMPTY_BODY = YES;
				CLANG_WARN_ENUM_CONVERSION = YES;
				CLANG_WARN_INFINITE_RECURSION = YES;
				CLANG_WARN_INT_CONVERSION = YES;
				CLANG_WARN_NON_LITERAL_NULL_CONVERSION = YES;
				CLANG_WARN_OBJC_IMPLICIT_RETAIN_SELF = YES;
				CLANG_WARN_OBJC_LITERAL_CONVERSION = YES;
				CLANG_WARN_QUOTED_INCLUDE_IN_FRAMEWORK_HEADER = YES;
				CLANG_WARN_RANGE_LOOP_ANALYSIS = YES;
				CLANG_WARN_STRICT_PROTOTYPES = YES;
				CLANG_WARN_SUSPICIOUS_MOVE = YES;
				CLANG_WARN_UNREACHABLE_CODE = YES;
				CLANG_WARN__DUPLICATE_METHOD_MATCH = YES;
				DEVELOPMENT_TEAM = Z3XLCBKN9K;
				ENABLE_STRICT_OBJC_MSGSEND = YES;
				ENABLE_USER_SCRIPT_SANDBOXING = YES;
				GCC_NO_COMMON_BLOCKS = YES;
				GCC_WARN_64_TO_32_BIT_CONVERSION = YES;
				GCC_WARN_ABOUT_RETURN_TYPE = YES;
				GCC_WARN_UNDECLARED_SELECTOR = YES;
				GCC_WARN_UNINITIALIZED_AUTOS = YES;
				GCC_WARN_UNUSED_FUNCTION = YES;
				GCC_WARN_UNUSED_VARIABLE = YES;
				IPHONEOS_DEPLOYMENT_TARGET = 17.0;
				SDKROOT = iphoneos;
				STRING_CATALOG_GENERATE_SYMBOLS = YES;
				SWIFT_COMPILATION_MODE = wholemodule;
				VALIDATE_PRODUCT = YES;
			};
			name = Release;
		};
		EB0DE606DC154FDC8EB2155F /* Debug */ = {
			isa = XCBuildConfiguration;
			buildSettings = {
				ALWAYS_SEARCH_USER_PATHS = NO;
				ASSETCATALOG_COMPILER_GENERATE_SWIFT_ASSET_SYMBOL_EXTENSIONS = YES;
				CLANG_WARN_BLOCK_CAPTURE_AUTORELEASING = YES;
				CLANG_WARN_BOOL_CONVERSION = YES;
				CLANG_WARN_COMMA = YES;
				CLANG_WARN_CONSTANT_CONVERSION = YES;
				CLANG_WARN_DEPRECATED_OBJC_IMPLEMENTATIONS = YES;
				CLANG_WARN_EMPTY_BODY = YES;
				CLANG_WARN_ENUM_CONVERSION = YES;
				CLANG_WARN_INFINITE_RECURSION = YES;
				CLANG_WARN_INT_CONVERSION = YES;
				CLANG_WARN_NON_LITERAL_NULL_CONVERSION = YES;
				CLANG_WARN_OBJC_IMPLICIT_RETAIN_SELF = YES;
				CLANG_WARN_OBJC_LITERAL_CONVERSION = YES;
				CLANG_WARN_QUOTED_INCLUDE_IN_FRAMEWORK_HEADER = YES;
				CLANG_WARN_RANGE_LOOP_ANALYSIS = YES;
				CLANG_WARN_STRICT_PROTOTYPES = YES;
				CLANG_WARN_SUSPICIOUS_MOVE = YES;
				CLANG_WARN_UNREACHABLE_CODE = YES;
				CLANG_WARN__DUPLICATE_METHOD_MATCH = YES;
				DEVELOPMENT_TEAM = Z3XLCBKN9K;
				ENABLE_STRICT_OBJC_MSGSEND = YES;
				ENABLE_TESTABILITY = YES;
				ENABLE_USER_SCRIPT_SANDBOXING = YES;
				GCC_NO_COMMON_BLOCKS = YES;
				GCC_WARN_64_TO_32_BIT_CONVERSION = YES;
				GCC_WARN_ABOUT_RETURN_TYPE = YES;
				GCC_WARN_UNDECLARED_SELECTOR = YES;
				GCC_WARN_UNINITIALIZED_AUTOS = YES;
				GCC_WARN_UNUSED_FUNCTION = YES;
				GCC_WARN_UNUSED_VARIABLE = YES;
				IPHONEOS_DEPLOYMENT_TARGET = 17.0;
				ONLY_ACTIVE_ARCH = YES;
				SDKROOT = iphoneos;
				STRING_CATALOG_GENERATE_SYMBOLS = YES;
			};
			name = Debug;
		};
/* End XCBuildConfiguration section */

/* Begin XCConfigurationList section */
		52AFF9761DA64ED4AD1FC6E0 /* Build configuration list for PBXNativeTarget "HazardDetection" */ = {
			isa = XCConfigurationList;
			buildConfigurations = (
				8E894C4AA5414D2FB8CF6571 /* Debug */,
				80EB088E7C8F4C79A5A3692C /* Release */,
			);
			defaultConfigurationIsVisible = 0;
			defaultConfigurationName = Release;
		};
		67E2BC6A635E4087A2F2BE8E /* Build configuration list for PBXProject "HazardDetection" */ = {
			isa = XCConfigurationList;
			buildConfigurations = (
				EB0DE606DC154FDC8EB2155F /* Debug */,
				BE4CE15D87BC47C5AFB5A8EE /* Release */,
			);
			defaultConfigurationIsVisible = 0;
			defaultConfigurationName = Release;
		};
/* End XCConfigurationList section */

/* Begin XCRemoteSwiftPackageReference section */
		8B5BB7BD2F963AFD001A779A /* XCRemoteSwiftPackageReference "firebase-ios-sdk" */ = {
			isa = XCRemoteSwiftPackageReference;
			repositoryURL = "https://github.com/firebase/firebase-ios-sdk";
			requirement = {
				kind = upToNextMajorVersion;
				minimumVersion = 12.12.1;
			};
		};
		8B5BB7BE2F963B39001A779A /* XCRemoteSwiftPackageReference "cloudinary_ios" */ = {
			isa = XCRemoteSwiftPackageReference;
			repositoryURL = "https://github.com/cloudinary/cloudinary_ios";
			requirement = {
				kind = upToNextMajorVersion;
				minimumVersion = 5.2.5;
			};
		};
/* End XCRemoteSwiftPackageReference section */

/* Begin XCSwiftPackageProductDependency section */
		8B5BB7BF2F963B39001A779A /* Cloudinary */ = {
			isa = XCSwiftPackageProductDependency;
			package = 8B5BB7BE2F963B39001A779A /* XCRemoteSwiftPackageReference "cloudinary_ios" */;
			productName = Cloudinary;
		};
/* End XCSwiftPackageProductDependency section */
	};
	rootObject = 25CB31ECD0F7455EB50B8CC4 /* Project object */;
}
